
Microsoft Visual Studio Solution File, Format Version 12.00
# Visual Studio Version 16
VisualStudioVersion = 16.0.31729.503
MinimumVisualStudioVersion = 10.0.40219.1
Project("{FAE04EC0-301F-11D3-BF4B-00C04F79EFBC}") = "Lab6", "Lab6\Lab6.csproj", "{CE2AFA4C-D64C-4C8B-8256-13AA12DB3C95}"
EndProject
Global
	GlobalSection(SolutionConfigurationPlatforms) = preSolution
		Debug|Any CPU = Debug|Any CPU
		Release|Any CPU = Release|Any CPU
	EndGlobalSection
	GlobalSection(ProjectConfigurationPlatforms) = postSolution
		{CE2AFA4C-D64C-4C8B-8256-13AA12DB3C95}.Debug|Any CPU.ActiveCfg = Debug|Any CPU
		{CE2AFA4C-D64C-4C8B-8256-13AA12DB3C95}.Debug|Any CPU.Build.0 = Debug|Any CPU
		{CE2AFA4C-D64C-4C8B-8256-13AA12DB3C95}.Release|Any CPU.ActiveCfg = Release|Any CPU
		{CE2AFA4C-D64C-4C8B-8256-13AA12DB3C95}.Release|Any CPU.Build.0 = Release|Any CPU
	EndGlobalSection
	GlobalSection(SolutionProperties) = preSolution
		HideSolutionNode = FALSE
	EndGlobalSection
	GlobalSection(ExtensibilityGlobals) = postSolution
		SolutionGuid = {BB3F9D85-55EE-4B27-A491-596F9AD45286}
	EndGlobalSection
EndGlobal
